
Microsoft Visual Studio Solution File, Format Version 12.00
# Visual Studio Version 16
VisualStudioVersion = 16.0.33423.256
MinimumVisualStudioVersion = 10.0.40219.1
Project("{FAE04EC0-301F-11D3-BF4B-00C04F79EFBC}") = "WebTourTravel", "WebTourTravel\WebTourTravel.csproj", "{03C536EC-1F19-43C1-9AEB-5BE4E7ACC420}"
EndProject
Global
	GlobalSection(SolutionConfigurationPlatforms) = preSolution
		Debug|Any CPU = Debug|Any CPU
		Release|Any CPU = Release|Any CPU
	EndGlobalSection
	GlobalSection(ProjectConfigurationPlatforms) = postSolution
		{03C536EC-1F19-43C1-9AEB-5BE4E7ACC420}.Debug|Any CPU.ActiveCfg = Debug|Any CPU
		{03C536EC-1F19-43C1-9AEB-5BE4E7ACC420}.Debug|Any CPU.Build.0 = Debug|Any CPU
		{03C536EC-1F19-43C1-9AEB-5BE4E7ACC420}.Release|Any CPU.ActiveCfg = Release|Any CPU
		{03C536EC-1F19-43C1-9AEB-5BE4E7ACC420}.Release|Any CPU.Build.0 = Release|Any CPU
	EndGlobalSection
	GlobalSection(SolutionProperties) = preSolution
		HideSolutionNode = FALSE
	EndGlobalSection
	GlobalSection(ExtensibilityGlobals) = postSolution
		SolutionGuid = {3F7A7855-7407-4554-8290-AE7B10DCB19F}
	EndGlobalSection
EndGlobal
